
Microsoft Visual Studio Solution File, Format Version 12.00
# Visual Studio Version 16
VisualStudioVersion = 16.0.29201.188
MinimumVisualStudioVersion = 10.0.40219.1
Project("{FAE04EC0-301F-11D3-BF4B-00C04F79EFBC}") = "WritingOptimizedCodePart3", "WritingOptimizedCodePart3\WritingOptimizedCodePart3.csproj", "{8B6F0C7D-E30A-419C-84C1-70401B1E7722}"
EndProject
Global
	GlobalSection(SolutionConfigurationPlatforms) = preSolution
		Debug|Any CPU = Debug|Any CPU
		Release|Any CPU = Release|Any CPU
	EndGlobalSection
	GlobalSection(ProjectConfigurationPlatforms) = postSolution
		{8B6F0C7D-E30A-419C-84C1-70401B1E7722}.Debug|Any CPU.ActiveCfg = Debug|Any CPU
		{8B6F0C7D-E30A-419C-84C1-70401B1E7722}.Debug|Any CPU.Build.0 = Debug|Any CPU
		{8B6F0C7D-E30A-419C-84C1-70401B1E7722}.Release|Any CPU.ActiveCfg = Release|Any CPU
		{8B6F0C7D-E30A-419C-84C1-70401B1E7722}.Release|Any CPU.Build.0 = Release|Any CPU
	EndGlobalSection
	GlobalSection(SolutionProperties) = preSolution
		HideSolutionNode = FALSE
	EndGlobalSection
	GlobalSection(ExtensibilityGlobals) = postSolution
		SolutionGuid = {E3CF1002-5A01-4F1E-A54F-3F5952BDC05F}
	EndGlobalSection
EndGlobal
